
Microsoft Visual Studio Solution File, Format Version 12.00
# Visual Studio Version 17
VisualStudioVersion = 17.11.35327.3
MinimumVisualStudioVersion = 10.0.40219.1
Project("{2150E333-8FDC-42A3-9474-1A3956D46DE8}") = "4 - Infrastructure", "4 - Infrastructure", "{65A0FA59-1307-4747-82D8-9633B0726E88}"
EndProject
Project("{2150E333-8FDC-42A3-9474-1A3956D46DE8}") = "2 - Bussiness", "2 - Bussiness", "{CBA7D104-0FD7-4937-A9D2-5412677A001E}"
EndProject
Project("{2150E333-8FDC-42A3-9474-1A3956D46DE8}") = "3 - Domain", "3 - Domain", "{55676D3D-0783-4254-97F2-9608CF545683}"
EndProject
Project("{2150E333-8FDC-42A3-9474-1A3956D46DE8}") = "1- Presentation", "1- Presentation", "{E9905840-5998-415D-90FC-BB166B33115A}"
EndProject
Project("{2150E333-8FDC-42A3-9474-1A3956D46DE8}") = "1 - Distributed Services", "1 - Distributed Services", "{DB9584A4-DCCE-4E86-8E8D-9C7251F2ECC1}"
EndProject
Project("{2150E333-8FDC-42A3-9474-1A3956D46DE8}") = "5 - XCutting", "5 - XCutting", "{69C1F466-5209-43AF-ADCC-00E18323202A}"
EndProject
Project("{9A19103F-16F7-4668-BE54-9A1E7A4F7556}") = "BankAccountOOPMultiuser.Infrastructure.Impl", "BankAccountOOPMultiuser.Infrastructure.Impl\BankAccountOOPMultiuser.Infrastructure.Impl.csproj", "{FE7D7B68-B981-46B3-A0CB-7DAFAFD045DF}"
EndProject
Project("{9A19103F-16F7-4668-BE54-9A1E7A4F7556}") = "BankAccountOOPMultiuser.Domain.Models", "BankAccountOOPMultiuser.Domain.Contracts\BankAccountOOPMultiuser.Domain.Models.csproj", "{A86FA1A2-BF1D-4BB6-9A72-997CAFA589C4}"
EndProject
Project("{9A19103F-16F7-4668-BE54-9A1E7A4F7556}") = "BankAccountOOPMultiuser.Business.Contracts", "BankAccountOOPMultiuser.Business.Contracts\BankAccountOOPMultiuser.Business.Contracts.csproj", "{1F93A869-065C-4BA2-8BFA-1C351598F06D}"
EndProject
Project("{9A19103F-16F7-4668-BE54-9A1E7A4F7556}") = "BankAccountOOPMultiuser.XCutting.Enums", "BankAccountOOPMultiuser.XCutting.Enums\BankAccountOOPMultiuser.XCutting.Enums.csproj", "{B27CB572-EC26-4070-8802-2836D85F5603}"
EndProject
Project("{9A19103F-16F7-4668-BE54-9A1E7A4F7556}") = "BankAccountOOPMultiuser.Business.Impl", "BankAccountOOPMultiuser.Business.Impl\BankAccountOOPMultiuser.Business.Impl.csproj", "{85BC2711-95B0-488D-8E96-0032AB4FD43E}"
EndProject
Project("{9A19103F-16F7-4668-BE54-9A1E7A4F7556}") = "BankAccountOOPMultiuser.Infrastructure.Contracts", "BankAccountOOPMultiuser.Infrastructure.Contracts\BankAccountOOPMultiuser.Infrastructure.Contracts.csproj", "{B970684D-1C3C-4FAC-9BD8-C895C1F6B61B}"
EndProject
Global
	GlobalSection(SolutionConfigurationPlatforms) = preSolution
		Debug|Any CPU = Debug|Any CPU
		Release|Any CPU = Release|Any CPU
	EndGlobalSection
	GlobalSection(ProjectConfigurationPlatforms) = postSolution
		{FE7D7B68-B981-46B3-A0CB-7DAFAFD045DF}.Debug|Any CPU.ActiveCfg = Debug|Any CPU
		{FE7D7B68-B981-46B3-A0CB-7DAFAFD045DF}.Debug|Any CPU.Build.0 = Debug|Any CPU
		{FE7D7B68-B981-46B3-A0CB-7DAFAFD045DF}.Release|Any CPU.ActiveCfg = Release|Any CPU
		{FE7D7B68-B981-46B3-A0CB-7DAFAFD045DF}.Release|Any CPU.Build.0 = Release|Any CPU
		{A86FA1A2-BF1D-4BB6-9A72-997CAFA589C4}.Debug|Any CPU.ActiveCfg = Debug|Any CPU
		{A86FA1A2-BF1D-4BB6-9A72-997CAFA589C4}.Debug|Any CPU.Build.0 = Debug|Any CPU
		{A86FA1A2-BF1D-4BB6-9A72-997CAFA589C4}.Release|Any CPU.ActiveCfg = Release|Any CPU
		{A86FA1A2-BF1D-4BB6-9A72-997CAFA589C4}.Release|Any CPU.Build.0 = Release|Any CPU
		{1F93A869-065C-4BA2-8BFA-1C351598F06D}.Debug|Any CPU.ActiveCfg = Debug|Any CPU
		{1F93A869-065C-4BA2-8BFA-1C351598F06D}.Debug|Any CPU.Build.0 = Debug|Any CPU
		{1F93A869-065C-4BA2-8BFA-1C351598F06D}.Release|Any CPU.ActiveCfg = Release|Any CPU
		{1F93A869-065C-4BA2-8BFA-1C351598F06D}.Release|Any CPU.Build.0 = Release|Any CPU
		{B27CB572-EC26-4070-8802-2836D85F5603}.Debug|Any CPU.ActiveCfg = Debug|Any CPU
		{B27CB572-EC26-4070-8802-2836D85F5603}.Debug|Any CPU.Build.0 = Debug|Any CPU
		{B27CB572-EC26-4070-8802-2836D85F5603}.Release|Any CPU.ActiveCfg = Release|Any CPU
		{B27CB572-EC26-4070-8802-2836D85F5603}.Release|Any CPU.Build.0 = Release|Any CPU
		{85BC2711-95B0-488D-8E96-0032AB4FD43E}.Debug|Any CPU.ActiveCfg = Debug|Any CPU
		{85BC2711-95B0-488D-8E96-0032AB4FD43E}.Debug|Any CPU.Build.0 = Debug|Any CPU
		{85BC2711-95B0-488D-8E96-0032AB4FD43E}.Release|Any CPU.ActiveCfg = Release|Any CPU
		{85BC2711-95B0-488D-8E96-0032AB4FD43E}.Release|Any CPU.Build.0 = Release|Any CPU
		{B970684D-1C3C-4FAC-9BD8-C895C1F6B61B}.Debug|Any CPU.ActiveCfg = Debug|Any CPU
		{B970684D-1C3C-4FAC-9BD8-C895C1F6B61B}.Debug|Any CPU.Build.0 = Debug|Any CPU
		{B970684D-1C3C-4FAC-9BD8-C895C1F6B61B}.Release|Any CPU.ActiveCfg = Release|Any CPU
		{B970684D-1C3C-4FAC-9BD8-C895C1F6B61B}.Release|Any CPU.Build.0 = Release|Any CPU
	EndGlobalSection
	GlobalSection(SolutionProperties) = preSolution
		HideSolutionNode = FALSE
	EndGlobalSection
	GlobalSection(NestedProjects) = preSolution
		{FE7D7B68-B981-46B3-A0CB-7DAFAFD045DF} = {65A0FA59-1307-4747-82D8-9633B0726E88}
		{A86FA1A2-BF1D-4BB6-9A72-997CAFA589C4} = {55676D3D-0783-4254-97F2-9608CF545683}
		{1F93A869-065C-4BA2-8BFA-1C351598F06D} = {CBA7D104-0FD7-4937-A9D2-5412677A001E}
		{B27CB572-EC26-4070-8802-2836D85F5603} = {69C1F466-5209-43AF-ADCC-00E18323202A}
		{85BC2711-95B0-488D-8E96-0032AB4FD43E} = {CBA7D104-0FD7-4937-A9D2-5412677A001E}
		{B970684D-1C3C-4FAC-9BD8-C895C1F6B61B} = {65A0FA59-1307-4747-82D8-9633B0726E88}
	EndGlobalSection
	GlobalSection(ExtensibilityGlobals) = postSolution
		SolutionGuid = {1A4F592C-CC8D-4523-A7D5-D9C3DABEB726}
	EndGlobalSection
EndGlobal
