
Microsoft Visual Studio Solution File, Format Version 12.00
# Visual Studio Version 17
VisualStudioVersion = 17.11.35327.3
MinimumVisualStudioVersion = 10.0.40219.1
Project("{2150E333-8FDC-42A3-9474-1A3956D46DE8}") = "1 - DistributedServices", "1 - DistributedServices", "{031369AE-BBB3-4F0B-8585-05B280BA4649}"
EndProject
Project("{2150E333-8FDC-42A3-9474-1A3956D46DE8}") = "3 - Domain", "3 - Domain", "{1C765A71-4E5E-4A5B-8430-9D1AD9CEAC35}"
EndProject
Project("{2150E333-8FDC-42A3-9474-1A3956D46DE8}") = "4 - Infrastructure", "4 - Infrastructure", "{1A327AC5-5A68-4A18-A60C-52FC94418AC4}"
EndProject
Project("{9A19103F-16F7-4668-BE54-9A1E7A4F7556}") = "PokeApiDDD.Infrastructure.Contracts", "PokeApiDDD.Infrastructure.Contracts\PokeApiDDD.Infrastructure.Contracts.csproj", "{E3B4C65D-D0D2-47DB-A54D-C02DE2BBBB84}"
EndProject
Project("{9A19103F-16F7-4668-BE54-9A1E7A4F7556}") = "PokeApiDDD.Infrastructure.Impl", "PokeApiDDD.Infrastructure.Impl\PokeApiDDD.Infrastructure.Impl.csproj", "{DCBBE108-BCCE-4B1B-89A5-8BDB76F09FA4}"
EndProject
Project("{9A19103F-16F7-4668-BE54-9A1E7A4F7556}") = "PokeApiDDD.Domain.Models", "PokeApiDDD.Domain.Models\PokeApiDDD.Domain.Models.csproj", "{0CBC2A63-7FD6-4053-B83F-F8C3D28FF956}"
EndProject
Project("{2150E333-8FDC-42A3-9474-1A3956D46DE8}") = "5 - XCutting", "5 - XCutting", "{BBF5610A-360A-4CCE-9E96-8BF2B56902A3}"
EndProject
Project("{9A19103F-16F7-4668-BE54-9A1E7A4F7556}") = "PokeApiDDD.XCutting.Enums", "PokeApiDDD.XCutting.Enums\PokeApiDDD.XCutting.Enums.csproj", "{8A2E2D27-A671-44AB-8211-454B22F1D7BE}"
EndProject
Project("{2150E333-8FDC-42A3-9474-1A3956D46DE8}") = "2 - Library", "2 - Library", "{BC02240E-F9EA-4B4B-A26F-B774906956EE}"
EndProject
Project("{9A19103F-16F7-4668-BE54-9A1E7A4F7556}") = "PokeApiDDD.Library.Impl", "PokeApiDDD.Library.Impl\PokeApiDDD.Library.Impl.csproj", "{EF450500-A7B7-4C22-BD36-A28C3DDF33F8}"
EndProject
Project("{9A19103F-16F7-4668-BE54-9A1E7A4F7556}") = "PokeApiDDD.Library.Contracts", "PokeApiDDD.Library.Contracts\PokeApiDDD.Library.Contracts.csproj", "{AD35D18F-219E-4708-92D1-A21FDB9DCB7E}"
EndProject
Project("{FAE04EC0-301F-11D3-BF4B-00C04F79EFBC}") = "PokeApiDDD.DistributedServices.WebAPI", "PokeApiDDD.DistributedServices.WebAPI\PokeApiDDD.DistributedServices.WebAPI.csproj", "{142A166A-3A14-4AAD-8F1B-F047949EF542}"
EndProject
Global
	GlobalSection(SolutionConfigurationPlatforms) = preSolution
		Debug|Any CPU = Debug|Any CPU
		Release|Any CPU = Release|Any CPU
	EndGlobalSection
	GlobalSection(ProjectConfigurationPlatforms) = postSolution
		{E3B4C65D-D0D2-47DB-A54D-C02DE2BBBB84}.Debug|Any CPU.ActiveCfg = Debug|Any CPU
		{E3B4C65D-D0D2-47DB-A54D-C02DE2BBBB84}.Debug|Any CPU.Build.0 = Debug|Any CPU
		{E3B4C65D-D0D2-47DB-A54D-C02DE2BBBB84}.Release|Any CPU.ActiveCfg = Release|Any CPU
		{E3B4C65D-D0D2-47DB-A54D-C02DE2BBBB84}.Release|Any CPU.Build.0 = Release|Any CPU
		{DCBBE108-BCCE-4B1B-89A5-8BDB76F09FA4}.Debug|Any CPU.ActiveCfg = Debug|Any CPU
		{DCBBE108-BCCE-4B1B-89A5-8BDB76F09FA4}.Debug|Any CPU.Build.0 = Debug|Any CPU
		{DCBBE108-BCCE-4B1B-89A5-8BDB76F09FA4}.Release|Any CPU.ActiveCfg = Release|Any CPU
		{DCBBE108-BCCE-4B1B-89A5-8BDB76F09FA4}.Release|Any CPU.Build.0 = Release|Any CPU
		{0CBC2A63-7FD6-4053-B83F-F8C3D28FF956}.Debug|Any CPU.ActiveCfg = Debug|Any CPU
		{0CBC2A63-7FD6-4053-B83F-F8C3D28FF956}.Debug|Any CPU.Build.0 = Debug|Any CPU
		{0CBC2A63-7FD6-4053-B83F-F8C3D28FF956}.Release|Any CPU.ActiveCfg = Release|Any CPU
		{0CBC2A63-7FD6-4053-B83F-F8C3D28FF956}.Release|Any CPU.Build.0 = Release|Any CPU
		{8A2E2D27-A671-44AB-8211-454B22F1D7BE}.Debug|Any CPU.ActiveCfg = Debug|Any CPU
		{8A2E2D27-A671-44AB-8211-454B22F1D7BE}.Debug|Any CPU.Build.0 = Debug|Any CPU
		{8A2E2D27-A671-44AB-8211-454B22F1D7BE}.Release|Any CPU.ActiveCfg = Release|Any CPU
		{8A2E2D27-A671-44AB-8211-454B22F1D7BE}.Release|Any CPU.Build.0 = Release|Any CPU
		{EF450500-A7B7-4C22-BD36-A28C3DDF33F8}.Debug|Any CPU.ActiveCfg = Debug|Any CPU
		{EF450500-A7B7-4C22-BD36-A28C3DDF33F8}.Debug|Any CPU.Build.0 = Debug|Any CPU
		{EF450500-A7B7-4C22-BD36-A28C3DDF33F8}.Release|Any CPU.ActiveCfg = Release|Any CPU
		{EF450500-A7B7-4C22-BD36-A28C3DDF33F8}.Release|Any CPU.Build.0 = Release|Any CPU
		{AD35D18F-219E-4708-92D1-A21FDB9DCB7E}.Debug|Any CPU.ActiveCfg = Debug|Any CPU
		{AD35D18F-219E-4708-92D1-A21FDB9DCB7E}.Debug|Any CPU.Build.0 = Debug|Any CPU
		{AD35D18F-219E-4708-92D1-A21FDB9DCB7E}.Release|Any CPU.ActiveCfg = Release|Any CPU
		{AD35D18F-219E-4708-92D1-A21FDB9DCB7E}.Release|Any CPU.Build.0 = Release|Any CPU
		{142A166A-3A14-4AAD-8F1B-F047949EF542}.Debug|Any CPU.ActiveCfg = Debug|Any CPU
		{142A166A-3A14-4AAD-8F1B-F047949EF542}.Debug|Any CPU.Build.0 = Debug|Any CPU
		{142A166A-3A14-4AAD-8F1B-F047949EF542}.Release|Any CPU.ActiveCfg = Release|Any CPU
		{142A166A-3A14-4AAD-8F1B-F047949EF542}.Release|Any CPU.Build.0 = Release|Any CPU
	EndGlobalSection
	GlobalSection(SolutionProperties) = preSolution
		HideSolutionNode = FALSE
	EndGlobalSection
	GlobalSection(NestedProjects) = preSolution
		{E3B4C65D-D0D2-47DB-A54D-C02DE2BBBB84} = {1A327AC5-5A68-4A18-A60C-52FC94418AC4}
		{DCBBE108-BCCE-4B1B-89A5-8BDB76F09FA4} = {1A327AC5-5A68-4A18-A60C-52FC94418AC4}
		{0CBC2A63-7FD6-4053-B83F-F8C3D28FF956} = {1C765A71-4E5E-4A5B-8430-9D1AD9CEAC35}
		{8A2E2D27-A671-44AB-8211-454B22F1D7BE} = {BBF5610A-360A-4CCE-9E96-8BF2B56902A3}
		{EF450500-A7B7-4C22-BD36-A28C3DDF33F8} = {BC02240E-F9EA-4B4B-A26F-B774906956EE}
		{AD35D18F-219E-4708-92D1-A21FDB9DCB7E} = {BC02240E-F9EA-4B4B-A26F-B774906956EE}
		{142A166A-3A14-4AAD-8F1B-F047949EF542} = {031369AE-BBB3-4F0B-8585-05B280BA4649}
	EndGlobalSection
	GlobalSection(ExtensibilityGlobals) = postSolution
		SolutionGuid = {82716C16-8015-42F4-9FB2-8C4FBC47141D}
	EndGlobalSection
EndGlobal
